// !$*UTF8*$!
{
	archiveVersion = 1;
	classes = {
	};
	objectVersion = 55;
	objects = {

/* Begin PBXBuildFile section */
		AC2619EC277FF42C00EB1954 /* RecipeDetail.swift in Sources */ = {isa = PBXBuildFile; fileRef = AC2619EB277FF42C00EB1954 /* RecipeDetail.swift */; };
		AC2619EE277FFBA200EB1954 /* FavoriteButton.swift in Sources */ = {isa = PBXBuildFile; fileRef = AC2619ED277FFBA200EB1954 /* FavoriteButton.swift */; };
		AC2619F2277FFE1800EB1954 /* RecipeList.swift in Sources */ = {isa = PBXBuildFile; fileRef = AC2619F1277FFE1800EB1954 /* RecipeList.swift */; };
		AC480444278029E100D667AD /* AddRecipe.swift in Sources */ = {isa = PBXBuildFile; fileRef = AC480443278029E100D667AD /* AddRecipe.swift */; };
		AC805FC52787E46500CA1174 /* Realm in Frameworks */ = {isa = PBXBuildFile; productRef = AC805FC42787E46500CA1174 /* Realm */; };
		AC805FC72787E46500CA1174 /* RealmSwift in Frameworks */ = {isa = PBXBuildFile; productRef = AC805FC62787E46500CA1174 /* RealmSwift */; };
		AC805FC92788D1BD00CA1174 /* RecipeObject.swift in Sources */ = {isa = PBXBuildFile; fileRef = AC805FC82788D1BD00CA1174 /* RecipeObject.swift */; };
		AC805FCB2788DACA00CA1174 /* RecipeViewModel.swift in Sources */ = {isa = PBXBuildFile; fileRef = AC805FCA2788DACA00CA1174 /* RecipeViewModel.swift */; };
		AC805FCD2788F92800CA1174 /* ImagePickerView.swift in Sources */ = {isa = PBXBuildFile; fileRef = AC805FCC2788F92800CA1174 /* ImagePickerView.swift */; };
		AC805FCF278B9BFF00CA1174 /* ImageCompressor.swift in Sources */ = {isa = PBXBuildFile; fileRef = AC805FCE278B9BFF00CA1174 /* ImageCompressor.swift */; };
		AC805FD1278BB73F00CA1174 /* RecipeImage.swift in Sources */ = {isa = PBXBuildFile; fileRef = AC805FD0278BB73F00CA1174 /* RecipeImage.swift */; };
		AC805FD6278FDD6000CA1174 /* Nuke in Frameworks */ = {isa = PBXBuildFile; productRef = AC805FD5278FDD6000CA1174 /* Nuke */; };
		ACB9C874277F7CB500097903 /* RecipeBoxApp.swift in Sources */ = {isa = PBXBuildFile; fileRef = ACB9C873277F7CB500097903 /* RecipeBoxApp.swift */; };
		ACB9C876277F7CB500097903 /* ContentView.swift in Sources */ = {isa = PBXBuildFile; fileRef = ACB9C875277F7CB500097903 /* ContentView.swift */; };
		ACB9C878277F7CB600097903 /* Assets.xcassets in Resources */ = {isa = PBXBuildFile; fileRef = ACB9C877277F7CB600097903 /* Assets.xcassets */; };
		ACB9C87B277F7CB600097903 /* Preview Assets.xcassets in Resources */ = {isa = PBXBuildFile; fileRef = ACB9C87A277F7CB600097903 /* Preview Assets.xcassets */; };
		ACB9C885277F7CB600097903 /* RecipeBoxTests.swift in Sources */ = {isa = PBXBuildFile; fileRef = ACB9C884277F7CB600097903 /* RecipeBoxTests.swift */; };
		ACB9C88F277F7CB600097903 /* RecipeBoxUITests.swift in Sources */ = {isa = PBXBuildFile; fileRef = ACB9C88E277F7CB600097903 /* RecipeBoxUITests.swift */; };
		ACB9C891277F7CB600097903 /* RecipeBoxUITestsLaunchTests.swift in Sources */ = {isa = PBXBuildFile; fileRef = ACB9C890277F7CB600097903 /* RecipeBoxUITestsLaunchTests.swift */; };
		ACB9C89F277F7DDF00097903 /* Recipe.swift in Sources */ = {isa = PBXBuildFile; fileRef = ACB9C89E277F7DDF00097903 /* Recipe.swift */; };
		ACB9C8A6277FDBB100097903 /* RecipeRow.swift in Sources */ = {isa = PBXBuildFile; fileRef = ACB9C8A5277FDBB100097903 /* RecipeRow.swift */; };
/* End PBXBuildFile section */

/* Begin PBXContainerItemProxy section */
		ACB9C881277F7CB600097903 /* PBXContainerItemProxy */ = {
			isa = PBXContainerItemProxy;
			containerPortal = ACB9C868277F7CB500097903 /* Project object */;
			proxyType = 1;
			remoteGlobalIDString = ACB9C86F277F7CB500097903;
			remoteInfo = RecipeBox;
		};
		ACB9C88B277F7CB600097903 /* PBXContainerItemProxy */ = {
			isa = PBXContainerItemProxy;
			containerPortal = ACB9C868277F7CB500097903 /* Project object */;
			proxyType = 1;
			remoteGlobalIDString = ACB9C86F277F7CB500097903;
			remoteInfo = RecipeBox;
		};
/* End PBXContainerItemProxy section */

/* Begin PBXFileReference section */
		AC2619EB277FF42C00EB1954 /* RecipeDetail.swift */ = {isa = PBXFileReference; lastKnownFileType = sourcecode.swift; path = RecipeDetail.swift; sourceTree = "<group>"; };
		AC2619ED277FFBA200EB1954 /* FavoriteButton.swift */ = {isa = PBXFileReference; fileEncoding = 4; lastKnownFileType = sourcecode.swift; path = FavoriteButton.swift; sourceTree = "<group>"; };
		AC2619F1277FFE1800EB1954 /* RecipeList.swift */ = {isa = PBXFileReference; lastKnownFileType = sourcecode.swift; path = RecipeList.swift; sourceTree = "<group>"; };
		AC480443278029E100D667AD /* AddRecipe.swift */ = {isa = PBXFileReference; lastKnownFileType = sourcecode.swift; path = AddRecipe.swift; sourceTree = "<group>"; };
		AC805FC82788D1BD00CA1174 /* RecipeObject.swift */ = {isa = PBXFileReference; lastKnownFileType = sourcecode.swift; path = RecipeObject.swift; sourceTree = "<group>"; };
		AC805FCA2788DACA00CA1174 /* RecipeViewModel.swift */ = {isa = PBXFileReference; lastKnownFileType = sourcecode.swift; path = RecipeViewModel.swift; sourceTree = "<group>"; };
		AC805FCC2788F92800CA1174 /* ImagePickerView.swift */ = {isa = PBXFileReference; lastKnownFileType = sourcecode.swift; path = ImagePickerView.swift; sourceTree = "<group>"; };
		AC805FCE278B9BFF00CA1174 /* ImageCompressor.swift */ = {isa = PBXFileReference; lastKnownFileType = sourcecode.swift; path = ImageCompressor.swift; sourceTree = SOURCE_ROOT; };
		AC805FD0278BB73F00CA1174 /* RecipeImage.swift */ = {isa = PBXFileReference; lastKnownFileType = sourcecode.swift; path = RecipeImage.swift; sourceTree = "<group>"; };
		ACB9C870277F7CB500097903 /* RecipeBox.app */ = {isa = PBXFileReference; explicitFileType = wrapper.application; includeInIndex = 0; path = RecipeBox.app; sourceTree = BUILT_PRODUCTS_DIR; };
		ACB9C873277F7CB500097903 /* RecipeBoxApp.swift */ = {isa = PBXFileReference; lastKnownFileType = sourcecode.swift; path = RecipeBoxApp.swift; sourceTree = "<group>"; };
		ACB9C875277F7CB500097903 /* ContentView.swift */ = {isa = PBXFileReference; lastKnownFileType = sourcecode.swift; path = ContentView.swift; sourceTree = "<group>"; };
		ACB9C877277F7CB600097903 /* Assets.xcassets */ = {isa = PBXFileReference; lastKnownFileType = folder.assetcatalog; path = Assets.xcassets; sourceTree = "<group>"; };
		ACB9C87A277F7CB600097903 /* Preview Assets.xcassets */ = {isa = PBXFileReference; lastKnownFileType = folder.assetcatalog; path = "Preview Assets.xcassets"; sourceTree = "<group>"; };
		ACB9C880277F7CB600097903 /* RecipeBoxTests.xctest */ = {isa = PBXFileReference; explicitFileType = wrapper.cfbundle; includeInIndex = 0; path = RecipeBoxTests.xctest; sourceTree = BUILT_PRODUCTS_DIR; };
		ACB9C884277F7CB600097903 /* RecipeBoxTests.swift */ = {isa = PBXFileReference; lastKnownFileType = sourcecode.swift; path = RecipeBoxTests.swift; sourceTree = "<group>"; };
		ACB9C88A277F7CB600097903 /* RecipeBoxUITests.xctest */ = {isa = PBXFileReference; explicitFileType = wrapper.cfbundle; includeInIndex = 0; path = RecipeBoxUITests.xctest; sourceTree = BUILT_PRODUCTS_DIR; };
		ACB9C88E277F7CB600097903 /* RecipeBoxUITests.swift */ = {isa = PBXFileReference; lastKnownFileType = sourcecode.swift; path = RecipeBoxUITests.swift; sourceTree = "<group>"; };
		ACB9C890277F7CB600097903 /* RecipeBoxUITestsLaunchTests.swift */ = {isa = PBXFileReference; lastKnownFileType = sourcecode.swift; path = RecipeBoxUITestsLaunchTests.swift; sourceTree = "<group>"; };
		ACB9C89E277F7DDF00097903 /* Recipe.swift */ = {isa = PBXFileReference; lastKnownFileType = sourcecode.swift; path = Recipe.swift; sourceTree = "<group>"; };
		ACB9C8A5277FDBB100097903 /* RecipeRow.swift */ = {isa = PBXFileReference; lastKnownFileType = sourcecode.swift; path = RecipeRow.swift; sourceTree = "<group>"; };
/* End PBXFileReference section */

/* Begin PBXFrameworksBuildPhase section */
		ACB9C86D277F7CB500097903 /* Frameworks */ = {
			isa = PBXFrameworksBuildPhase;
			buildActionMask = 2147483647;
			files = (
				AC805FD6278FDD6000CA1174 /* Nuke in Frameworks */,
				AC805FC72787E46500CA1174 /* RealmSwift in Frameworks */,
				AC805FC52787E46500CA1174 /* Realm in Frameworks */,
			);
			runOnlyForDeploymentPostprocessing = 0;
		};
		ACB9C87D277F7CB600097903 /* Frameworks */ = {
			isa = PBXFrameworksBuildPhase;
			buildActionMask = 2147483647;
			files = (
			);
			runOnlyForDeploymentPostprocessing = 0;
		};
		ACB9C887277F7CB600097903 /* Frameworks */ = {
			isa = PBXFrameworksBuildPhase;
			buildActionMask = 2147483647;
			files = (
			);
			runOnlyForDeploymentPostprocessing = 0;
		};
/* End PBXFrameworksBuildPhase section */

/* Begin PBXGroup section */
		ACB9C867277F7CB500097903 = {
			isa = PBXGroup;
			children = (
				ACB9C872277F7CB500097903 /* RecipeBox */,
				ACB9C883277F7CB600097903 /* RecipeBoxTests */,
				ACB9C88D277F7CB600097903 /* RecipeBoxUITests */,
				ACB9C871277F7CB500097903 /* Products */,
			);
			sourceTree = "<group>";
		};
		ACB9C871277F7CB500097903 /* Products */ = {
			isa = PBXGroup;
			children = (
				ACB9C870277F7CB500097903 /* RecipeBox.app */,
				ACB9C880277F7CB600097903 /* RecipeBoxTests.xctest */,
				ACB9C88A277F7CB600097903 /* RecipeBoxUITests.xctest */,
			);
			name = Products;
			sourceTree = "<group>";
		};
		ACB9C872277F7CB500097903 /* RecipeBox */ = {
			isa = PBXGroup;
			children = (
				ACB9C8A7277FE1DB00097903 /* Resources */,
				ACB9C873277F7CB500097903 /* RecipeBoxApp.swift */,
				ACB9C8A0277F883C00097903 /* Views */,
				ACB9C89D277F7DC300097903 /* Model */,
				ACB9C877277F7CB600097903 /* Assets.xcassets */,
				ACB9C879277F7CB600097903 /* Preview Content */,
			);
			path = RecipeBox;
			sourceTree = "<group>";
		};
		ACB9C879277F7CB600097903 /* Preview Content */ = {
			isa = PBXGroup;
			children = (
				ACB9C87A277F7CB600097903 /* Preview Assets.xcassets */,
			);
			path = "Preview Content";
			sourceTree = "<group>";
		};
		ACB9C883277F7CB600097903 /* RecipeBoxTests */ = {
			isa = PBXGroup;
			children = (
				ACB9C884277F7CB600097903 /* RecipeBoxTests.swift */,
			);
			path = RecipeBoxTests;
			sourceTree = "<group>";
		};
		ACB9C88D277F7CB600097903 /* RecipeBoxUITests */ = {
			isa = PBXGroup;
			children = (
				ACB9C88E277F7CB600097903 /* RecipeBoxUITests.swift */,
				ACB9C890277F7CB600097903 /* RecipeBoxUITestsLaunchTests.swift */,
			);
			path = RecipeBoxUITests;
			sourceTree = "<group>";
		};
		ACB9C89D277F7DC300097903 /* Model */ = {
			isa = PBXGroup;
			children = (
				ACB9C89E277F7DDF00097903 /* Recipe.swift */,
				AC805FC82788D1BD00CA1174 /* RecipeObject.swift */,
				AC805FCA2788DACA00CA1174 /* RecipeViewModel.swift */,
			);
			path = Model;
			sourceTree = "<group>";
		};
		ACB9C8A0277F883C00097903 /* Views */ = {
			isa = PBXGroup;
			children = (
				ACB9C875277F7CB500097903 /* ContentView.swift */,
				AC805FCC2788F92800CA1174 /* ImagePickerView.swift */,
				ACB9C8A4277FDB9700097903 /* Recipes */,
				ACB9C8A3277FD90600097903 /* Helpers */,
			);
			path = Views;
			sourceTree = "<group>";
		};
		ACB9C8A3277FD90600097903 /* Helpers */ = {
			isa = PBXGroup;
			children = (
				AC805FD0278BB73F00CA1174 /* RecipeImage.swift */,
				AC805FCE278B9BFF00CA1174 /* ImageCompressor.swift */,
				AC2619ED277FFBA200EB1954 /* FavoriteButton.swift */,
			);
			path = Helpers;
			sourceTree = "<group>";
		};
		ACB9C8A4277FDB9700097903 /* Recipes */ = {
			isa = PBXGroup;
			children = (
				ACB9C8A5277FDBB100097903 /* RecipeRow.swift */,
				AC2619EB277FF42C00EB1954 /* RecipeDetail.swift */,
				AC2619F1277FFE1800EB1954 /* RecipeList.swift */,
				AC480443278029E100D667AD /* AddRecipe.swift */,
			);
			path = Recipes;
			sourceTree = "<group>";
		};
		ACB9C8A7277FE1DB00097903 /* Resources */ = {
			isa = PBXGroup;
			children = (
			);
			path = Resources;
			sourceTree = "<group>";
		};
/* End PBXGroup section */

/* Begin PBXNativeTarget section */
		ACB9C86F277F7CB500097903 /* RecipeBox */ = {
			isa = PBXNativeTarget;
			buildConfigurationList = ACB9C894277F7CB600097903 /* Build configuration list for PBXNativeTarget "RecipeBox" */;
			buildPhases = (
				ACB9C86C277F7CB500097903 /* Sources */,
				ACB9C86D277F7CB500097903 /* Frameworks */,
				ACB9C86E277F7CB500097903 /* Resources */,
			);
			buildRules = (
			);
			dependencies = (
			);
			name = RecipeBox;
			packageProductDependencies = (
				AC805FC42787E46500CA1174 /* Realm */,
				AC805FC62787E46500CA1174 /* RealmSwift */,
				AC805FD5278FDD6000CA1174 /* Nuke */,
			);
			productName = RecipeBox;
			productReference = ACB9C870277F7CB500097903 /* RecipeBox.app */;
			productType = "com.apple.product-type.application";
		};
		ACB9C87F277F7CB600097903 /* RecipeBoxTests */ = {
			isa = PBXNativeTarget;
			buildConfigurationList = ACB9C897277F7CB600097903 /* Build configuration list for PBXNativeTarget "RecipeBoxTests" */;
			buildPhases = (
				ACB9C87C277F7CB600097903 /* Sources */,
				ACB9C87D277F7CB600097903 /* Frameworks */,
				ACB9C87E277F7CB600097903 /* Resources */,
			);
			buildRules = (
			);
			dependencies = (
				ACB9C882277F7CB600097903 /* PBXTargetDependency */,
			);
			name = RecipeBoxTests;
			productName = RecipeBoxTests;
			productReference = ACB9C880277F7CB600097903 /* RecipeBoxTests.xctest */;
			productType = "com.apple.product-type.bundle.unit-test";
		};
		ACB9C889277F7CB600097903 /* RecipeBoxUITests */ = {
			isa = PBXNativeTarget;
			buildConfigurationList = ACB9C89A277F7CB600097903 /* Build configuration list for PBXNativeTarget "RecipeBoxUITests" */;
			buildPhases = (
				ACB9C886277F7CB600097903 /* Sources */,
				ACB9C887277F7CB600097903 /* Frameworks */,
				ACB9C888277F7CB600097903 /* Resources */,
			);
			buildRules = (
			);
			dependencies = (
				ACB9C88C277F7CB600097903 /* PBXTargetDependency */,
			);
			name = RecipeBoxUITests;
			productName = RecipeBoxUITests;
			productReference = ACB9C88A277F7CB600097903 /* RecipeBoxUITests.xctest */;
			productType = "com.apple.product-type.bundle.ui-testing";
		};
/* End PBXNativeTarget section */

/* Begin PBXProject section */
		ACB9C868277F7CB500097903 /* Project object */ = {
			isa = PBXProject;
			attributes = {
				BuildIndependentTargetsInParallel = 1;
				LastSwiftUpdateCheck = 1320;
				LastUpgradeCheck = 1320;
				TargetAttributes = {
					ACB9C86F277F7CB500097903 = {
						CreatedOnToolsVersion = 13.2.1;
					};
					ACB9C87F277F7CB600097903 = {
						CreatedOnToolsVersion = 13.2.1;
						TestTargetID = ACB9C86F277F7CB500097903;
					};
					ACB9C889277F7CB600097903 = {
						CreatedOnToolsVersion = 13.2.1;
						TestTargetID = ACB9C86F277F7CB500097903;
					};
				};
			};
			buildConfigurationList = ACB9C86B277F7CB500097903 /* Build configuration list for PBXProject "RecipeBox" */;
			compatibilityVersion = "Xcode 13.0";
			developmentRegion = en;
			hasScannedForEncodings = 0;
			knownRegions = (
				en,
				Base,
			);
			mainGroup = ACB9C867277F7CB500097903;
			packageReferences = (
				AC805FC32787E46500CA1174 /* XCRemoteSwiftPackageReference "realm-swift" */,
				AC805FD4278FDD5F00CA1174 /* XCRemoteSwiftPackageReference "Nuke" */,
			);
			productRefGroup = ACB9C871277F7CB500097903 /* Products */;
			projectDirPath = "";
			projectRoot = "";
			targets = (
				ACB9C86F277F7CB500097903 /* RecipeBox */,
				ACB9C87F277F7CB600097903 /* RecipeBoxTests */,
				ACB9C889277F7CB600097903 /* RecipeBoxUITests */,
			);
		};
/* End PBXProject section */

/* Begin PBXResourcesBuildPhase section */
		ACB9C86E277F7CB500097903 /* Resources */ = {
			isa = PBXResourcesBuildPhase;
			buildActionMask = 2147483647;
			files = (
				ACB9C87B277F7CB600097903 /* Preview Assets.xcassets in Resources */,
				ACB9C878277F7CB600097903 /* Assets.xcassets in Resources */,
			);
			runOnlyForDeploymentPostprocessing = 0;
		};
		ACB9C87E277F7CB600097903 /* Resources */ = {
			isa = PBXResourcesBuildPhase;
			buildActionMask = 2147483647;
			files = (
			);
			runOnlyForDeploymentPostprocessing = 0;
		};
		ACB9C888277F7CB600097903 /* Resources */ = {
			isa = PBXResourcesBuildPhase;
			buildActionMask = 2147483647;
			files = (
			);
			runOnlyForDeploymentPostprocessing = 0;
		};
/* End PBXResourcesBuildPhase section */

/* Begin PBXSourcesBuildPhase section */
		ACB9C86C277F7CB500097903 /* Sources */ = {
			isa = PBXSourcesBuildPhase;
			buildActionMask = 2147483647;
			files = (
				AC805FCF278B9BFF00CA1174 /* ImageCompressor.swift in Sources */,
				AC805FD1278BB73F00CA1174 /* RecipeImage.swift in Sources */,
				AC480444278029E100D667AD /* AddRecipe.swift in Sources */,
				ACB9C89F277F7DDF00097903 /* Recipe.swift in Sources */,
				AC2619EC277FF42C00EB1954 /* RecipeDetail.swift in Sources */,
				AC805FCD2788F92800CA1174 /* ImagePickerView.swift in Sources */,
				ACB9C876277F7CB500097903 /* ContentView.swift in Sources */,
				AC2619EE277FFBA200EB1954 /* FavoriteButton.swift in Sources */,
				ACB9C874277F7CB500097903 /* RecipeBoxApp.swift in Sources */,
				ACB9C8A6277FDBB100097903 /* RecipeRow.swift in Sources */,
				AC805FCB2788DACA00CA1174 /* RecipeViewModel.swift in Sources */,
				AC805FC92788D1BD00CA1174 /* RecipeObject.swift in Sources */,
				AC2619F2277FFE1800EB1954 /* RecipeList.swift in Sources */,
			);
			runOnlyForDeploymentPostprocessing = 0;
		};
		ACB9C87C277F7CB600097903 /* Sources */ = {
			isa = PBXSourcesBuildPhase;
			buildActionMask = 2147483647;
			files = (
				ACB9C885277F7CB600097903 /* RecipeBoxTests.swift in Sources */,
			);
			runOnlyForDeploymentPostprocessing = 0;
		};
		ACB9C886277F7CB600097903 /* Sources */ = {
			isa = PBXSourcesBuildPhase;
			buildActionMask = 2147483647;
			files = (
				ACB9C891277F7CB600097903 /* RecipeBoxUITestsLaunchTests.swift in Sources */,
				ACB9C88F277F7CB600097903 /* RecipeBoxUITests.swift in Sources */,
			);
			runOnlyForDeploymentPostprocessing = 0;
		};
/* End PBXSourcesBuildPhase section */

/* Begin PBXTargetDependency section */
		ACB9C882277F7CB600097903 /* PBXTargetDependency */ = {
			isa = PBXTargetDependency;
			target = ACB9C86F277F7CB500097903 /* RecipeBox */;
			targetProxy = ACB9C881277F7CB600097903 /* PBXContainerItemProxy */;
		};
		ACB9C88C277F7CB600097903 /* PBXTargetDependency */ = {
			isa = PBXTargetDependency;
			target = ACB9C86F277F7CB500097903 /* RecipeBox */;
			targetProxy = ACB9C88B277F7CB600097903 /* PBXContainerItemProxy */;
		};
/* End PBXTargetDependency section */

/* Begin XCBuildConfiguration section */
		ACB9C892277F7CB600097903 /* Debug */ = {
			isa = XCBuildConfiguration;
			buildSettings = {
				ALWAYS_SEARCH_USER_PATHS = NO;
				CLANG_ANALYZER_NONNULL = YES;
				CLANG_ANALYZER_NUMBER_OBJECT_CONVERSION = YES_AGGRESSIVE;
				CLANG_CXX_LANGUAGE_STANDARD = "gnu++17";
				CLANG_CXX_LIBRARY = "libc++";
				CLANG_ENABLE_MODULES = YES;
				CLANG_ENABLE_OBJC_ARC = YES;
				CLANG_ENABLE_OBJC_WEAK = YES;
				CLANG_WARN_BLOCK_CAPTURE_AUTORELEASING = YES;
				CLANG_WARN_BOOL_CONVERSION = YES;
				CLANG_WARN_COMMA = YES;
				CLANG_WARN_CONSTANT_CONVERSION = YES;
				CLANG_WARN_DEPRECATED_OBJC_IMPLEMENTATIONS = YES;
				CLANG_WARN_DIRECT_OBJC_ISA_USAGE = YES_ERROR;
				CLANG_WARN_DOCUMENTATION_COMMENTS = YES;
				CLANG_WARN_EMPTY_BODY = YES;
				CLANG_WARN_ENUM_CONVERSION = YES;
				CLANG_WARN_INFINITE_RECURSION = YES;
				CLANG_WARN_INT_CONVERSION = YES;
				CLANG_WARN_NON_LITERAL_NULL_CONVERSION = YES;
				CLANG_WARN_OBJC_IMPLICIT_RETAIN_SELF = YES;
				CLANG_WARN_OBJC_LITERAL_CONVERSION = YES;
				CLANG_WARN_OBJC_ROOT_CLASS = YES_ERROR;
				CLANG_WARN_QUOTED_INCLUDE_IN_FRAMEWORK_HEADER = YES;
				CLANG_WARN_RANGE_LOOP_ANALYSIS = YES;
				CLANG_WARN_STRICT_PROTOTYPES = YES;
				CLANG_WARN_SUSPICIOUS_MOVE = YES;
				CLANG_WARN_UNGUARDED_AVAILABILITY = YES_AGGRESSIVE;
				CLANG_WARN_UNREACHABLE_CODE = YES;
				CLANG_WARN__DUPLICATE_METHOD_MATCH = YES;
				COPY_PHASE_STRIP = NO;
				DEBUG_INFORMATION_FORMAT = dwarf;
				ENABLE_STRICT_OBJC_MSGSEND = YES;
				ENABLE_TESTABILITY = YES;
				GCC_C_LANGUAGE_STANDARD = gnu11;
				GCC_DYNAMIC_NO_PIC = NO;
				GCC_NO_COMMON_BLOCKS = YES;
				GCC_OPTIMIZATION_LEVEL = 0;
				GCC_PREPROCESSOR_DEFINITIONS = (
					"DEBUG=1",
					"$(inherited)",
				);
				GCC_WARN_64_TO_32_BIT_CONVERSION = YES;
				GCC_WARN_ABOUT_RETURN_TYPE = YES_ERROR;
				GCC_WARN_UNDECLARED_SELECTOR = YES;
				GCC_WARN_UNINITIALIZED_AUTOS = YES_AGGRESSIVE;
				GCC_WARN_UNUSED_FUNCTION = YES;
				GCC_WARN_UNUSED_VARIABLE = YES;
				IPHONEOS_DEPLOYMENT_TARGET = 15.2;
				MTL_ENABLE_DEBUG_INFO = INCLUDE_SOURCE;
				MTL_FAST_MATH = YES;
				ONLY_ACTIVE_ARCH = YES;
				SDKROOT = iphoneos;
				SWIFT_ACTIVE_COMPILATION_CONDITIONS = DEBUG;
				SWIFT_OPTIMIZATION_LEVEL = "-Onone";
			};
			name = Debug;
		};
		ACB9C893277F7CB600097903 /* Release */ = {
			isa = XCBuildConfiguration;
			buildSettings = {
				ALWAYS_SEARCH_USER_PATHS = NO;
				CLANG_ANALYZER_NONNULL = YES;
				CLANG_ANALYZER_NUMBER_OBJECT_CONVERSION = YES_AGGRESSIVE;
				CLANG_CXX_LANGUAGE_STANDARD = "gnu++17";
				CLANG_CXX_LIBRARY = "libc++";
				CLANG_ENABLE_MODULES = YES;
				CLANG_ENABLE_OBJC_ARC = YES;
				CLANG_ENABLE_OBJC_WEAK = YES;
				CLANG_WARN_BLOCK_CAPTURE_AUTORELEASING = YES;
				CLANG_WARN_BOOL_CONVERSION = YES;
				CLANG_WARN_COMMA = YES;
				CLANG_WARN_CONSTANT_CONVERSION = YES;
				CLANG_WARN_DEPRECATED_OBJC_IMPLEMENTATIONS = YES;
				CLANG_WARN_DIRECT_OBJC_ISA_USAGE = YES_ERROR;
				CLANG_WARN_DOCUMENTATION_COMMENTS = YES;
				CLANG_WARN_EMPTY_BODY = YES;
				CLANG_WARN_ENUM_CONVERSION = YES;
				CLANG_WARN_INFINITE_RECURSION = YES;
				CLANG_WARN_INT_CONVERSION = YES;
				CLANG_WARN_NON_LITERAL_NULL_CONVERSION = YES;
				CLANG_WARN_OBJC_IMPLICIT_RETAIN_SELF = YES;
				CLANG_WARN_OBJC_LITERAL_CONVERSION = YES;
				CLANG_WARN_OBJC_ROOT_CLASS = YES_ERROR;
				CLANG_WARN_QUOTED_INCLUDE_IN_FRAMEWORK_HEADER = YES;
				CLANG_WARN_RANGE_LOOP_ANALYSIS = YES;
				CLANG_WARN_STRICT_PROTOTYPES = YES;
				CLANG_WARN_SUSPICIOUS_MOVE = YES;
				CLANG_WARN_UNGUARDED_AVAILABILITY = YES_AGGRESSIVE;
				CLANG_WARN_UNREACHABLE_CODE = YES;
				CLANG_WARN__DUPLICATE_METHOD_MATCH = YES;
				COPY_PHASE_STRIP = NO;
				DEBUG_INFORMATION_FORMAT = "dwarf-with-dsym";
				ENABLE_NS_ASSERTIONS = NO;
				ENABLE_STRICT_OBJC_MSGSEND = YES;
				GCC_C_LANGUAGE_STANDARD = gnu11;
				GCC_NO_COMMON_BLOCKS = YES;
				GCC_WARN_64_TO_32_BIT_CONVERSION = YES;
				GCC_WARN_ABOUT_RETURN_TYPE = YES_ERROR;
				GCC_WARN_UNDECLARED_SELECTOR = YES;
				GCC_WARN_UNINITIALIZED_AUTOS = YES_AGGRESSIVE;
				GCC_WARN_UNUSED_FUNCTION = YES;
				GCC_WARN_UNUSED_VARIABLE = YES;
				IPHONEOS_DEPLOYMENT_TARGET = 15.2;
				MTL_ENABLE_DEBUG_INFO = NO;
				MTL_FAST_MATH = YES;
				SDKROOT = iphoneos;
				SWIFT_COMPILATION_MODE = wholemodule;
				SWIFT_OPTIMIZATION_LEVEL = "-O";
				VALIDATE_PRODUCT = YES;
			};
			name = Release;
		};
		ACB9C895277F7CB600097903 /* Debug */ = {
			isa = XCBuildConfiguration;
			buildSettings = {
				ASSETCATALOG_COMPILER_APPICON_NAME = AppIcon;
				ASSETCATALOG_COMPILER_GLOBAL_ACCENT_COLOR_NAME = AccentColor;
				CODE_SIGN_STYLE = Automatic;
				CURRENT_PROJECT_VERSION = 1;
				DEVELOPMENT_ASSET_PATHS = "\"RecipeBox/Preview Content\"";
				DEVELOPMENT_TEAM = 9XZ4F4T9QB;
				ENABLE_PREVIEWS = YES;
				GENERATE_INFOPLIST_FILE = YES;
				INFOPLIST_KEY_NSCameraUsageDescription = "We need access to the camera for attaching image to recipes";
				INFOPLIST_KEY_UIApplicationSceneManifest_Generation = YES;
				INFOPLIST_KEY_UIApplicationSupportsIndirectInputEvents = YES;
				INFOPLIST_KEY_UILaunchScreen_Generation = YES;
				INFOPLIST_KEY_UISupportedInterfaceOrientations_iPad = "UIInterfaceOrientationPortrait UIInterfaceOrientationPortraitUpsideDown UIInterfaceOrientationLandscapeLeft UIInterfaceOrientationLandscapeRight";
				INFOPLIST_KEY_UISupportedInterfaceOrientations_iPhone = "UIInterfaceOrientationPortrait UIInterfaceOrientationLandscapeLeft UIInterfaceOrientationLandscapeRight";
				LD_RUNPATH_SEARCH_PATHS = (
					"$(inherited)",
					"@executable_path/Frameworks",
				);
				MARKETING_VERSION = 1.0;
				PRODUCT_BUNDLE_IDENTIFIER = com.jamesnmartin.RecipeBox.RecipeBox;
				PRODUCT_NAME = "$(TARGET_NAME)";
				SWIFT_EMIT_LOC_STRINGS = YES;
				SWIFT_VERSION = 5.0;
				TARGETED_DEVICE_FAMILY = "1,2";
			};
			name = Debug;
		};
		ACB9C896277F7CB600097903 /* Release */ = {
			isa = XCBuildConfiguration;
			buildSettings = {
				ASSETCATALOG_COMPILER_APPICON_NAME = AppIcon;
				ASSETCATALOG_COMPILER_GLOBAL_ACCENT_COLOR_NAME = AccentColor;
				CODE_SIGN_STYLE = Automatic;
				CURRENT_PROJECT_VERSION = 1;
				DEVELOPMENT_ASSET_PATHS = "\"RecipeBox/Preview Content\"";
				DEVELOPMENT_TEAM = 9XZ4F4T9QB;
				ENABLE_PREVIEWS = YES;
				GENERATE_INFOPLIST_FILE = YES;
				INFOPLIST_KEY_NSCameraUsageDescription = "We need access to the camera for attaching image to recipes";
				INFOPLIST_KEY_UIApplicationSceneManifest_Generation = YES;
				INFOPLIST_KEY_UIApplicationSupportsIndirectInputEvents = YES;
				INFOPLIST_KEY_UILaunchScreen_Generation = YES;
				INFOPLIST_KEY_UISupportedInterfaceOrientations_iPad = "UIInterfaceOrientationPortrait UIInterfaceOrientationPortraitUpsideDown UIInterfaceOrientationLandscapeLeft UIInterfaceOrientationLandscapeRight";
				INFOPLIST_KEY_UISupportedInterfaceOrientations_iPhone = "UIInterfaceOrientationPortrait UIInterfaceOrientationLandscapeLeft UIInterfaceOrientationLandscapeRight";
				LD_RUNPATH_SEARCH_PATHS = (
					"$(inherited)",
					"@executable_path/Frameworks",
				);
				MARKETING_VERSION = 1.0;
				PRODUCT_BUNDLE_IDENTIFIER = com.jamesnmartin.RecipeBox.RecipeBox;
				PRODUCT_NAME = "$(TARGET_NAME)";
				SWIFT_EMIT_LOC_STRINGS = YES;
				SWIFT_VERSION = 5.0;
				TARGETED_DEVICE_FAMILY = "1,2";
			};
			name = Release;
		};
		ACB9C898277F7CB600097903 /* Debug */ = {
			isa = XCBuildConfiguration;
			buildSettings = {
				ALWAYS_EMBED_SWIFT_STANDARD_LIBRARIES = YES;
				BUNDLE_LOADER = "$(TEST_HOST)";
				CODE_SIGN_STYLE = Automatic;
				CURRENT_PROJECT_VERSION = 1;
				DEVELOPMENT_TEAM = 9XZ4F4T9QB;
				GENERATE_INFOPLIST_FILE = YES;
				IPHONEOS_DEPLOYMENT_TARGET = 15.2;
				MARKETING_VERSION = 1.0;
				PRODUCT_BUNDLE_IDENTIFIER = com.jamesnmartin.RecipeBox.RecipeBoxTests;
				PRODUCT_NAME = "$(TARGET_NAME)";
				SWIFT_EMIT_LOC_STRINGS = NO;
				SWIFT_VERSION = 5.0;
				TARGETED_DEVICE_FAMILY = "1,2";
				TEST_HOST = "$(BUILT_PRODUCTS_DIR)/RecipeBox.app/RecipeBox";
			};
			name = Debug;
		};
		ACB9C899277F7CB600097903 /* Release */ = {
			isa = XCBuildConfiguration;
			buildSettings = {
				ALWAYS_EMBED_SWIFT_STANDARD_LIBRARIES = YES;
				BUNDLE_LOADER = "$(TEST_HOST)";
				CODE_SIGN_STYLE = Automatic;
				CURRENT_PROJECT_VERSION = 1;
				DEVELOPMENT_TEAM = 9XZ4F4T9QB;
				GENERATE_INFOPLIST_FILE = YES;
				IPHONEOS_DEPLOYMENT_TARGET = 15.2;
				MARKETING_VERSION = 1.0;
				PRODUCT_BUNDLE_IDENTIFIER = com.jamesnmartin.RecipeBox.RecipeBoxTests;
				PRODUCT_NAME = "$(TARGET_NAME)";
				SWIFT_EMIT_LOC_STRINGS = NO;
				SWIFT_VERSION = 5.0;
				TARGETED_DEVICE_FAMILY = "1,2";
				TEST_HOST = "$(BUILT_PRODUCTS_DIR)/RecipeBox.app/RecipeBox";
			};
			name = Release;
		};
		ACB9C89B277F7CB600097903 /* Debug */ = {
			isa = XCBuildConfiguration;
			buildSettings = {
				ALWAYS_EMBED_SWIFT_STANDARD_LIBRARIES = YES;
				CODE_SIGN_STYLE = Automatic;
				CURRENT_PROJECT_VERSION = 1;
				DEVELOPMENT_TEAM = 9XZ4F4T9QB;
				GENERATE_INFOPLIST_FILE = YES;
				MARKETING_VERSION = 1.0;
				PRODUCT_BUNDLE_IDENTIFIER = com.jamesnmartin.RecipeBox.RecipeBoxUITests;
				PRODUCT_NAME = "$(TARGET_NAME)";
				SWIFT_EMIT_LOC_STRINGS = NO;
				SWIFT_VERSION = 5.0;
				TARGETED_DEVICE_FAMILY = "1,2";
				TEST_TARGET_NAME = RecipeBox;
			};
			name = Debug;
		};
		ACB9C89C277F7CB600097903 /* Release */ = {
			isa = XCBuildConfiguration;
			buildSettings = {
				ALWAYS_EMBED_SWIFT_STANDARD_LIBRARIES = YES;
				CODE_SIGN_STYLE = Automatic;
				CURRENT_PROJECT_VERSION = 1;
				DEVELOPMENT_TEAM = 9XZ4F4T9QB;
				GENERATE_INFOPLIST_FILE = YES;
				MARKETING_VERSION = 1.0;
				PRODUCT_BUNDLE_IDENTIFIER = com.jamesnmartin.RecipeBox.RecipeBoxUITests;
				PRODUCT_NAME = "$(TARGET_NAME)";
				SWIFT_EMIT_LOC_STRINGS = NO;
				SWIFT_VERSION = 5.0;
				TARGETED_DEVICE_FAMILY = "1,2";
				TEST_TARGET_NAME = RecipeBox;
			};
			name = Release;
		};
/* End XCBuildConfiguration section */

/* Begin XCConfigurationList section */
		ACB9C86B277F7CB500097903 /* Build configuration list for PBXProject "RecipeBox" */ = {
			isa = XCConfigurationList;
			buildConfigurations = (
				ACB9C892277F7CB600097903 /* Debug */,
				ACB9C893277F7CB600097903 /* Release */,
			);
			defaultConfigurationIsVisible = 0;
			defaultConfigurationName = Release;
		};
		ACB9C894277F7CB600097903 /* Build configuration list for PBXNativeTarget "RecipeBox" */ = {
			isa = XCConfigurationList;
			buildConfigurations = (
				ACB9C895277F7CB600097903 /* Debug */,
				ACB9C896277F7CB600097903 /* Release */,
			);
			defaultConfigurationIsVisible = 0;
			defaultConfigurationName = Release;
		};
		ACB9C897277F7CB600097903 /* Build configuration list for PBXNativeTarget "RecipeBoxTests" */ = {
			isa = XCConfigurationList;
			buildConfigurations = (
				ACB9C898277F7CB600097903 /* Debug */,
				ACB9C899277F7CB600097903 /* Release */,
			);
			defaultConfigurationIsVisible = 0;
			defaultConfigurationName = Release;
		};
		ACB9C89A277F7CB600097903 /* Build configuration list for PBXNativeTarget "RecipeBoxUITests" */ = {
			isa = XCConfigurationList;
			buildConfigurations = (
				ACB9C89B277F7CB600097903 /* Debug */,
				ACB9C89C277F7CB600097903 /* Release */,
			);
			defaultConfigurationIsVisible = 0;
			defaultConfigurationName = Release;
		};
/* End XCConfigurationList section */

/* Begin XCRemoteSwiftPackageReference section */
		AC805FC32787E46500CA1174 /* XCRemoteSwiftPackageReference "realm-swift" */ = {
			isa = XCRemoteSwiftPackageReference;
			repositoryURL = "https://github.com/realm/realm-swift.git";
			requirement = {
				kind = upToNextMajorVersion;
				minimumVersion = 10.19.0;
			};
		};
		AC805FD4278FDD5F00CA1174 /* XCRemoteSwiftPackageReference "Nuke" */ = {
			isa = XCRemoteSwiftPackageReference;
			repositoryURL = "https://github.com/kean/Nuke.git";
			requirement = {
				kind = upToNextMajorVersion;
				minimumVersion = 9.0.0;
			};
		};
/* End XCRemoteSwiftPackageReference section */

/* Begin XCSwiftPackageProductDependency section */
		AC805FC42787E46500CA1174 /* Realm */ = {
			isa = XCSwiftPackageProductDependency;
			package = AC805FC32787E46500CA1174 /* XCRemoteSwiftPackageReference "realm-swift" */;
			productName = Realm;
		};
		AC805FC62787E46500CA1174 /* RealmSwift */ = {
			isa = XCSwiftPackageProductDependency;
			package = AC805FC32787E46500CA1174 /* XCRemoteSwiftPackageReference "realm-swift" */;
			productName = RealmSwift;
		};
		AC805FD5278FDD6000CA1174 /* Nuke */ = {
			isa = XCSwiftPackageProductDependency;
			package = AC805FD4278FDD5F00CA1174 /* XCRemoteSwiftPackageReference "Nuke" */;
			productName = Nuke;
		};
/* End XCSwiftPackageProductDependency section */
	};
	rootObject = ACB9C868277F7CB500097903 /* Project object */;
}
